
Microsoft Visual Studio Solution File, Format Version 12.00
# Visual Studio 15
Project("{FAE04EC0-301F-11D3-BF4B-00C04F79EFBC}") = "PhotonUnityNetworking.Utilities", "PhotonUnityNetworking.Utilities.csproj", "{CC699115-CB23-F282-2714-8369D860621A}"
EndProject
Project("{FAE04EC0-301F-11D3-BF4B-00C04F79EFBC}") = "Assembly-CSharp", "Assembly-CSharp.csproj", "{D10C09B8-60F9-C918-EE5B-CE262CEE6FB7}"
EndProject
Project("{FAE04EC0-301F-11D3-BF4B-00C04F79EFBC}") = "KartGame", "KartGame.csproj", "{6E96D431-8478-7537-07FF-4D5401F1C552}"
EndProject
Project("{FAE04EC0-301F-11D3-BF4B-00C04F79EFBC}") = "PhotonUnityNetworking", "PhotonUnityNetworking.csproj", "{0BDCEC6F-44F9-1DA3-EE68-8B87874F5E9C}"
EndProject
Project("{FAE04EC0-301F-11D3-BF4B-00C04F79EFBC}") = "PhotonUnityNetworking.Demos", "PhotonUnityNetworking.Demos.csproj", "{5195BD46-54BB-AED3-EE7B-F4FA8673486C}"
EndProject
Project("{FAE04EC0-301F-11D3-BF4B-00C04F79EFBC}") = "PhotonRealtime", "PhotonRealtime.csproj", "{67AB1789-77B0-A648-D06E-9EBD3729AB27}"
EndProject
Project("{FAE04EC0-301F-11D3-BF4B-00C04F79EFBC}") = "SimpleInput.Runtime", "SimpleInput.Runtime.csproj", "{A6ECFB7F-9A3C-6B17-7BB3-57A2E5EBA428}"
EndProject
Project("{FAE04EC0-301F-11D3-BF4B-00C04F79EFBC}") = "PhotonUnityNetworking.Editor", "PhotonUnityNetworking.Editor.csproj", "{883BD4DC-34F2-6C3D-F9E3-353204099B20}"
EndProject
Project("{FAE04EC0-301F-11D3-BF4B-00C04F79EFBC}") = "KartGame.Editor", "KartGame.Editor.csproj", "{2728C707-DCBE-D62B-CE82-C5144176691D}"
EndProject
Project("{FAE04EC0-301F-11D3-BF4B-00C04F79EFBC}") = "Assembly-CSharp-Editor", "Assembly-CSharp-Editor.csproj", "{DB9B80AE-3C9A-E92E-28B5-15CFFEC9C92F}"
EndProject
Project("{FAE04EC0-301F-11D3-BF4B-00C04F79EFBC}") = "SimpleInput.Editor", "SimpleInput.Editor.csproj", "{A582E655-FACF-0394-6D84-728839FFF616}"
EndProject
Project("{FAE04EC0-301F-11D3-BF4B-00C04F79EFBC}") = "PhotonUnityNetworking.Utilities.PhotonPlayer.Editor", "PhotonUnityNetworking.Utilities.PhotonPlayer.Editor.csproj", "{95A76DF6-511F-972B-134C-94D5227A5549}"
EndProject
Project("{FAE04EC0-301F-11D3-BF4B-00C04F79EFBC}") = "PhotonUnityNetworking.Utilities.Culling.Editor", "PhotonUnityNetworking.Utilities.Culling.Editor.csproj", "{4EBF676C-AF0F-217F-7669-3D2D51B3823E}"
EndProject
Global
	GlobalSection(SolutionConfigurationPlatforms) = preSolution
		Debug|Any CPU = Debug|Any CPU
		Release|Any CPU = Release|Any CPU
	EndGlobalSection
	GlobalSection(ProjectConfigurationPlatforms) = postSolution
		{CC699115-CB23-F282-2714-8369D860621A}.Debug|Any CPU.ActiveCfg = Debug|Any CPU
		{CC699115-CB23-F282-2714-8369D860621A}.Debug|Any CPU.Build.0 = Debug|Any CPU
		{CC699115-CB23-F282-2714-8369D860621A}.Release|Any CPU.ActiveCfg = Release|Any CPU
		{CC699115-CB23-F282-2714-8369D860621A}.Release|Any CPU.Build.0 = Release|Any CPU
		{D10C09B8-60F9-C918-EE5B-CE262CEE6FB7}.Debug|Any CPU.ActiveCfg = Debug|Any CPU
		{D10C09B8-60F9-C918-EE5B-CE262CEE6FB7}.Debug|Any CPU.Build.0 = Debug|Any CPU
		{D10C09B8-60F9-C918-EE5B-CE262CEE6FB7}.Release|Any CPU.ActiveCfg = Release|Any CPU
		{D10C09B8-60F9-C918-EE5B-CE262CEE6FB7}.Release|Any CPU.Build.0 = Release|Any CPU
		{6E96D431-8478-7537-07FF-4D5401F1C552}.Debug|Any CPU.ActiveCfg = Debug|Any CPU
		{6E96D431-8478-7537-07FF-4D5401F1C552}.Debug|Any CPU.Build.0 = Debug|Any CPU
		{6E96D431-8478-7537-07FF-4D5401F1C552}.Release|Any CPU.ActiveCfg = Release|Any CPU
		{6E96D431-8478-7537-07FF-4D5401F1C552}.Release|Any CPU.Build.0 = Release|Any CPU
		{0BDCEC6F-44F9-1DA3-EE68-8B87874F5E9C}.Debug|Any CPU.ActiveCfg = Debug|Any CPU
		{0BDCEC6F-44F9-1DA3-EE68-8B87874F5E9C}.Debug|Any CPU.Build.0 = Debug|Any CPU
		{0BDCEC6F-44F9-1DA3-EE68-8B87874F5E9C}.Release|Any CPU.ActiveCfg = Release|Any CPU
		{0BDCEC6F-44F9-1DA3-EE68-8B87874F5E9C}.Release|Any CPU.Build.0 = Release|Any CPU
		{5195BD46-54BB-AED3-EE7B-F4FA8673486C}.Debug|Any CPU.ActiveCfg = Debug|Any CPU
		{5195BD46-54BB-AED3-EE7B-F4FA8673486C}.Debug|Any CPU.Build.0 = Debug|Any CPU
		{5195BD46-54BB-AED3-EE7B-F4FA8673486C}.Release|Any CPU.ActiveCfg = Release|Any CPU
		{5195BD46-54BB-AED3-EE7B-F4FA8673486C}.Release|Any CPU.Build.0 = Release|Any CPU
		{67AB1789-77B0-A648-D06E-9EBD3729AB27}.Debug|Any CPU.ActiveCfg = Debug|Any CPU
		{67AB1789-77B0-A648-D06E-9EBD3729AB27}.Debug|Any CPU.Build.0 = Debug|Any CPU
		{67AB1789-77B0-A648-D06E-9EBD3729AB27}.Release|Any CPU.ActiveCfg = Release|Any CPU
		{67AB1789-77B0-A648-D06E-9EBD3729AB27}.Release|Any CPU.Build.0 = Release|Any CPU
		{A6ECFB7F-9A3C-6B17-7BB3-57A2E5EBA428}.Debug|Any CPU.ActiveCfg = Debug|Any CPU
		{A6ECFB7F-9A3C-6B17-7BB3-57A2E5EBA428}.Debug|Any CPU.Build.0 = Debug|Any CPU
		{A6ECFB7F-9A3C-6B17-7BB3-57A2E5EBA428}.Release|Any CPU.ActiveCfg = Release|Any CPU
		{A6ECFB7F-9A3C-6B17-7BB3-57A2E5EBA428}.Release|Any CPU.Build.0 = Release|Any CPU
		{883BD4DC-34F2-6C3D-F9E3-353204099B20}.Debug|Any CPU.ActiveCfg = Debug|Any CPU
		{883BD4DC-34F2-6C3D-F9E3-353204099B20}.Debug|Any CPU.Build.0 = Debug|Any CPU
		{883BD4DC-34F2-6C3D-F9E3-353204099B20}.Release|Any CPU.ActiveCfg = Release|Any CPU
		{883BD4DC-34F2-6C3D-F9E3-353204099B20}.Release|Any CPU.Build.0 = Release|Any CPU
		{2728C707-DCBE-D62B-CE82-C5144176691D}.Debug|Any CPU.ActiveCfg = Debug|Any CPU
		{2728C707-DCBE-D62B-CE82-C5144176691D}.Debug|Any CPU.Build.0 = Debug|Any CPU
		{2728C707-DCBE-D62B-CE82-C5144176691D}.Release|Any CPU.ActiveCfg = Release|Any CPU
		{2728C707-DCBE-D62B-CE82-C5144176691D}.Release|Any CPU.Build.0 = Release|Any CPU
		{DB9B80AE-3C9A-E92E-28B5-15CFFEC9C92F}.Debug|Any CPU.ActiveCfg = Debug|Any CPU
		{DB9B80AE-3C9A-E92E-28B5-15CFFEC9C92F}.Debug|Any CPU.Build.0 = Debug|Any CPU
		{DB9B80AE-3C9A-E92E-28B5-15CFFEC9C92F}.Release|Any CPU.ActiveCfg = Release|Any CPU
		{DB9B80AE-3C9A-E92E-28B5-15CFFEC9C92F}.Release|Any CPU.Build.0 = Release|Any CPU
		{A582E655-FACF-0394-6D84-728839FFF616}.Debug|Any CPU.ActiveCfg = Debug|Any CPU
		{A582E655-FACF-0394-6D84-728839FFF616}.Debug|Any CPU.Build.0 = Debug|Any CPU
		{A582E655-FACF-0394-6D84-728839FFF616}.Release|Any CPU.ActiveCfg = Release|Any CPU
		{A582E655-FACF-0394-6D84-728839FFF616}.Release|Any CPU.Build.0 = Release|Any CPU
		{95A76DF6-511F-972B-134C-94D5227A5549}.Debug|Any CPU.ActiveCfg = Debug|Any CPU
		{95A76DF6-511F-972B-134C-94D5227A5549}.Debug|Any CPU.Build.0 = Debug|Any CPU
		{95A76DF6-511F-972B-134C-94D5227A5549}.Release|Any CPU.ActiveCfg = Release|Any CPU
		{95A76DF6-511F-972B-134C-94D5227A5549}.Release|Any CPU.Build.0 = Release|Any CPU
		{4EBF676C-AF0F-217F-7669-3D2D51B3823E}.Debug|Any CPU.ActiveCfg = Debug|Any CPU
		{4EBF676C-AF0F-217F-7669-3D2D51B3823E}.Debug|Any CPU.Build.0 = Debug|Any CPU
		{4EBF676C-AF0F-217F-7669-3D2D51B3823E}.Release|Any CPU.ActiveCfg = Release|Any CPU
		{4EBF676C-AF0F-217F-7669-3D2D51B3823E}.Release|Any CPU.Build.0 = Release|Any CPU
	EndGlobalSection
	GlobalSection(SolutionProperties) = preSolution
		HideSolutionNode = FALSE
	EndGlobalSection
EndGlobal
